
Microsoft Visual Studio Solution File, Format Version 12.00
Project("{FAE04EC0-301F-11D3-BF4B-00C04F79EFBC}") = "Task4.MVC", "Task4.MVC\Task4.MVC.csproj", "{96278F52-7716-49AA-956C-8279C81F5762}"
EndProject
Project("{FAE04EC0-301F-11D3-BF4B-00C04F79EFBC}") = "Task4.Domain", "Task4.Domain\Task4.Domain.csproj", "{7F27370C-7F9B-484A-AE5B-D08DDCE54ACB}"
EndProject
Project("{FAE04EC0-301F-11D3-BF4B-00C04F79EFBC}") = "Task4.Persistence", "Task4.Persistence\Task4.Persistence.csproj", "{26728E3E-AFAB-4DA0-8278-25F444F50B23}"
EndProject
Project("{2150E333-8FDC-42A3-9474-1A3956D46DE8}") = "Core", "Core", "{A9B5412E-52BB-4B89-A74E-51D92098BD95}"
EndProject
Project("{2150E333-8FDC-42A3-9474-1A3956D46DE8}") = "Infrastructure", "Infrastructure", "{1BC45695-2DA6-4894-A117-410517C5A568}"
EndProject
Project("{2150E333-8FDC-42A3-9474-1A3956D46DE8}") = "Presentation", "Presentation", "{012BF1B2-8B73-47C6-BEA1-4CAA0570A7A3}"
EndProject
Project("{FAE04EC0-301F-11D3-BF4B-00C04F79EFBC}") = "Task4.Application", "Task4.Application\Task4.Application.csproj", "{994AC2AD-99A1-4E4F-ADD2-0A5AB53AC48D}"
EndProject
Global
	GlobalSection(SolutionConfigurationPlatforms) = preSolution
		Debug|Any CPU = Debug|Any CPU
		Release|Any CPU = Release|Any CPU
	EndGlobalSection
	GlobalSection(ProjectConfigurationPlatforms) = postSolution
		{96278F52-7716-49AA-956C-8279C81F5762}.Debug|Any CPU.ActiveCfg = Debug|Any CPU
		{96278F52-7716-49AA-956C-8279C81F5762}.Debug|Any CPU.Build.0 = Debug|Any CPU
		{96278F52-7716-49AA-956C-8279C81F5762}.Release|Any CPU.ActiveCfg = Release|Any CPU
		{96278F52-7716-49AA-956C-8279C81F5762}.Release|Any CPU.Build.0 = Release|Any CPU
		{7F27370C-7F9B-484A-AE5B-D08DDCE54ACB}.Debug|Any CPU.ActiveCfg = Debug|Any CPU
		{7F27370C-7F9B-484A-AE5B-D08DDCE54ACB}.Debug|Any CPU.Build.0 = Debug|Any CPU
		{7F27370C-7F9B-484A-AE5B-D08DDCE54ACB}.Release|Any CPU.ActiveCfg = Release|Any CPU
		{7F27370C-7F9B-484A-AE5B-D08DDCE54ACB}.Release|Any CPU.Build.0 = Release|Any CPU
		{26728E3E-AFAB-4DA0-8278-25F444F50B23}.Debug|Any CPU.ActiveCfg = Debug|Any CPU
		{26728E3E-AFAB-4DA0-8278-25F444F50B23}.Debug|Any CPU.Build.0 = Debug|Any CPU
		{26728E3E-AFAB-4DA0-8278-25F444F50B23}.Release|Any CPU.ActiveCfg = Release|Any CPU
		{26728E3E-AFAB-4DA0-8278-25F444F50B23}.Release|Any CPU.Build.0 = Release|Any CPU
		{994AC2AD-99A1-4E4F-ADD2-0A5AB53AC48D}.Debug|Any CPU.ActiveCfg = Debug|Any CPU
		{994AC2AD-99A1-4E4F-ADD2-0A5AB53AC48D}.Debug|Any CPU.Build.0 = Debug|Any CPU
		{994AC2AD-99A1-4E4F-ADD2-0A5AB53AC48D}.Release|Any CPU.ActiveCfg = Release|Any CPU
		{994AC2AD-99A1-4E4F-ADD2-0A5AB53AC48D}.Release|Any CPU.Build.0 = Release|Any CPU
	EndGlobalSection
	GlobalSection(NestedProjects) = preSolution
		{7F27370C-7F9B-484A-AE5B-D08DDCE54ACB} = {A9B5412E-52BB-4B89-A74E-51D92098BD95}
		{26728E3E-AFAB-4DA0-8278-25F444F50B23} = {1BC45695-2DA6-4894-A117-410517C5A568}
		{96278F52-7716-49AA-956C-8279C81F5762} = {012BF1B2-8B73-47C6-BEA1-4CAA0570A7A3}
		{994AC2AD-99A1-4E4F-ADD2-0A5AB53AC48D} = {A9B5412E-52BB-4B89-A74E-51D92098BD95}
	EndGlobalSection
EndGlobal
